// !$*UTF8*$!
{
	archiveVersion = 1;
	classes = {
	};
	objectVersion = 56;
	objects = {

/* Begin PBXBuildFile section */
		5BEB776E295307AD00C2EEE8 /* AppDelegate.swift in Sources */ = {isa = PBXBuildFile; fileRef = 5BEB776D295307AD00C2EEE8 /* AppDelegate.swift */; };
		5BEB7770295307AD00C2EEE8 /* SceneDelegate.swift in Sources */ = {isa = PBXBuildFile; fileRef = 5BEB776F295307AD00C2EEE8 /* SceneDelegate.swift */; };
		5BEB7772295307AD00C2EEE8 /* MainController.swift in Sources */ = {isa = PBXBuildFile; fileRef = 5BEB7771295307AD00C2EEE8 /* MainController.swift */; };
		5BEB7778295307AD00C2EEE8 /* notes.xcdatamodeld in Sources */ = {isa = PBXBuildFile; fileRef = 5BEB7776295307AD00C2EEE8 /* notes.xcdatamodeld */; };
		5BEB777A295307AE00C2EEE8 /* Assets.xcassets in Resources */ = {isa = PBXBuildFile; fileRef = 5BEB7779295307AE00C2EEE8 /* Assets.xcassets */; };
		5BEB777D295307AE00C2EEE8 /* LaunchScreen.storyboard in Resources */ = {isa = PBXBuildFile; fileRef = 5BEB777B295307AE00C2EEE8 /* LaunchScreen.storyboard */; };
		5BEB779029530F4E00C2EEE8 /* NoteViewModel.swift in Sources */ = {isa = PBXBuildFile; fileRef = 5BEB778F29530F4E00C2EEE8 /* NoteViewModel.swift */; };
		5BEB779429530FFD00C2EEE8 /* NotesTableView.swift in Sources */ = {isa = PBXBuildFile; fileRef = 5BEB779329530FFD00C2EEE8 /* NotesTableView.swift */; };
		5BEB77962953103300C2EEE8 /* NoteCell.swift in Sources */ = {isa = PBXBuildFile; fileRef = 5BEB77952953103300C2EEE8 /* NoteCell.swift */; };
		5BEB779A2953162E00C2EEE8 /* DataManager.swift in Sources */ = {isa = PBXBuildFile; fileRef = 5BEB77992953162E00C2EEE8 /* DataManager.swift */; };
/* End PBXBuildFile section */

/* Begin PBXFileReference section */
		5BEB776A295307AD00C2EEE8 /* notes.app */ = {isa = PBXFileReference; explicitFileType = wrapper.application; includeInIndex = 0; path = notes.app; sourceTree = BUILT_PRODUCTS_DIR; };
		5BEB776D295307AD00C2EEE8 /* AppDelegate.swift */ = {isa = PBXFileReference; lastKnownFileType = sourcecode.swift; path = AppDelegate.swift; sourceTree = "<group>"; };
		5BEB776F295307AD00C2EEE8 /* SceneDelegate.swift */ = {isa = PBXFileReference; lastKnownFileType = sourcecode.swift; path = SceneDelegate.swift; sourceTree = "<group>"; };
		5BEB7771295307AD00C2EEE8 /* MainController.swift */ = {isa = PBXFileReference; lastKnownFileType = sourcecode.swift; path = MainController.swift; sourceTree = "<group>"; };
		5BEB7777295307AD00C2EEE8 /* notes.xcdatamodel */ = {isa = PBXFileReference; lastKnownFileType = wrapper.xcdatamodel; path = notes.xcdatamodel; sourceTree = "<group>"; };
		5BEB7779295307AE00C2EEE8 /* Assets.xcassets */ = {isa = PBXFileReference; lastKnownFileType = folder.assetcatalog; path = Assets.xcassets; sourceTree = "<group>"; };
		5BEB777C295307AE00C2EEE8 /* Base */ = {isa = PBXFileReference; lastKnownFileType = file.storyboard; name = Base; path = Base.lproj/LaunchScreen.storyboard; sourceTree = "<group>"; };
		5BEB777E295307AE00C2EEE8 /* Info.plist */ = {isa = PBXFileReference; lastKnownFileType = text.plist.xml; path = Info.plist; sourceTree = "<group>"; };
		5BEB778F29530F4E00C2EEE8 /* NoteViewModel.swift */ = {isa = PBXFileReference; lastKnownFileType = sourcecode.swift; path = NoteViewModel.swift; sourceTree = "<group>"; };
		5BEB779329530FFD00C2EEE8 /* NotesTableView.swift */ = {isa = PBXFileReference; lastKnownFileType = sourcecode.swift; path = NotesTableView.swift; sourceTree = "<group>"; };
		5BEB77952953103300C2EEE8 /* NoteCell.swift */ = {isa = PBXFileReference; lastKnownFileType = sourcecode.swift; path = NoteCell.swift; sourceTree = "<group>"; };
		5BEB77992953162E00C2EEE8 /* DataManager.swift */ = {isa = PBXFileReference; lastKnownFileType = sourcecode.swift; path = DataManager.swift; sourceTree = "<group>"; };
/* End PBXFileReference section */

/* Begin PBXFrameworksBuildPhase section */
		5BEB7767295307AD00C2EEE8 /* Frameworks */ = {
			isa = PBXFrameworksBuildPhase;
			buildActionMask = 2147483647;
			files = (
			);
			runOnlyForDeploymentPostprocessing = 0;
		};
/* End PBXFrameworksBuildPhase section */

/* Begin PBXGroup section */
		5BEB7761295307AC00C2EEE8 = {
			isa = PBXGroup;
			children = (
				5BEB776C295307AD00C2EEE8 /* notes */,
				5BEB776B295307AD00C2EEE8 /* Products */,
			);
			sourceTree = "<group>";
		};
		5BEB776B295307AD00C2EEE8 /* Products */ = {
			isa = PBXGroup;
			children = (
				5BEB776A295307AD00C2EEE8 /* notes.app */,
			);
			name = Products;
			sourceTree = "<group>";
		};
		5BEB776C295307AD00C2EEE8 /* notes */ = {
			isa = PBXGroup;
			children = (
				5BEB77842953086000C2EEE8 /* Application */,
				5BEB778B295308BC00C2EEE8 /* Main Module */,
				5BEB778A295308B100C2EEE8 /* Edit Module */,
				5BEB77972953160400C2EEE8 /* Services */,
				5BEB77882953088C00C2EEE8 /* View */,
				5BEB77862953087E00C2EEE8 /* Supporting files */,
				5BEB77852953087600C2EEE8 /* Resources */,
				5BEB7776295307AD00C2EEE8 /* notes.xcdatamodeld */,
			);
			path = notes;
			sourceTree = "<group>";
		};
		5BEB77842953086000C2EEE8 /* Application */ = {
			isa = PBXGroup;
			children = (
				5BEB776D295307AD00C2EEE8 /* AppDelegate.swift */,
				5BEB776F295307AD00C2EEE8 /* SceneDelegate.swift */,
			);
			path = Application;
			sourceTree = "<group>";
		};
		5BEB77852953087600C2EEE8 /* Resources */ = {
			isa = PBXGroup;
			children = (
				5BEB7779295307AE00C2EEE8 /* Assets.xcassets */,
			);
			path = Resources;
			sourceTree = "<group>";
		};
		5BEB77862953087E00C2EEE8 /* Supporting files */ = {
			isa = PBXGroup;
			children = (
				5BEB777E295307AE00C2EEE8 /* Info.plist */,
			);
			path = "Supporting files";
			sourceTree = "<group>";
		};
		5BEB77882953088C00C2EEE8 /* View */ = {
			isa = PBXGroup;
			children = (
				5BEB777B295307AE00C2EEE8 /* LaunchScreen.storyboard */,
			);
			path = View;
			sourceTree = "<group>";
		};
		5BEB77892953089400C2EEE8 /* Controller */ = {
			isa = PBXGroup;
			children = (
				5BEB7771295307AD00C2EEE8 /* MainController.swift */,
			);
			path = Controller;
			sourceTree = "<group>";
		};
		5BEB778A295308B100C2EEE8 /* Edit Module */ = {
			isa = PBXGroup;
			children = (
			);
			path = "Edit Module";
			sourceTree = "<group>";
		};
		5BEB778B295308BC00C2EEE8 /* Main Module */ = {
			isa = PBXGroup;
			children = (
				5BEB778E2953095900C2EEE8 /* View */,
				5BEB778D2953095100C2EEE8 /* ViewModel */,
				5BEB77892953089400C2EEE8 /* Controller */,
			);
			path = "Main Module";
			sourceTree = "<group>";
		};
		5BEB778D2953095100C2EEE8 /* ViewModel */ = {
			isa = PBXGroup;
			children = (
				5BEB778F29530F4E00C2EEE8 /* NoteViewModel.swift */,
			);
			path = ViewModel;
			sourceTree = "<group>";
		};
		5BEB778E2953095900C2EEE8 /* View */ = {
			isa = PBXGroup;
			children = (
				5BEB779329530FFD00C2EEE8 /* NotesTableView.swift */,
				5BEB77952953103300C2EEE8 /* NoteCell.swift */,
			);
			path = View;
			sourceTree = "<group>";
		};
		5BEB77972953160400C2EEE8 /* Services */ = {
			isa = PBXGroup;
			children = (
				5BEB77992953162E00C2EEE8 /* DataManager.swift */,
			);
			path = Services;
			sourceTree = "<group>";
		};
/* End PBXGroup section */

/* Begin PBXNativeTarget section */
		5BEB7769295307AD00C2EEE8 /* notes */ = {
			isa = PBXNativeTarget;
			buildConfigurationList = 5BEB7781295307AE00C2EEE8 /* Build configuration list for PBXNativeTarget "notes" */;
			buildPhases = (
				5BEB7766295307AD00C2EEE8 /* Sources */,
				5BEB7767295307AD00C2EEE8 /* Frameworks */,
				5BEB7768295307AD00C2EEE8 /* Resources */,
			);
			buildRules = (
			);
			dependencies = (
			);
			name = notes;
			productName = notes;
			productReference = 5BEB776A295307AD00C2EEE8 /* notes.app */;
			productType = "com.apple.product-type.application";
		};
/* End PBXNativeTarget section */

/* Begin PBXProject section */
		5BEB7762295307AC00C2EEE8 /* Project object */ = {
			isa = PBXProject;
			attributes = {
				BuildIndependentTargetsInParallel = 1;
				LastSwiftUpdateCheck = 1400;
				LastUpgradeCheck = 1400;
				TargetAttributes = {
					5BEB7769295307AD00C2EEE8 = {
						CreatedOnToolsVersion = 14.0;
					};
				};
			};
			buildConfigurationList = 5BEB7765295307AC00C2EEE8 /* Build configuration list for PBXProject "notes" */;
			compatibilityVersion = "Xcode 14.0";
			developmentRegion = en;
			hasScannedForEncodings = 0;
			knownRegions = (
				en,
				Base,
			);
			mainGroup = 5BEB7761295307AC00C2EEE8;
			productRefGroup = 5BEB776B295307AD00C2EEE8 /* Products */;
			projectDirPath = "";
			projectRoot = "";
			targets = (
				5BEB7769295307AD00C2EEE8 /* notes */,
			);
		};
/* End PBXProject section */

/* Begin PBXResourcesBuildPhase section */
		5BEB7768295307AD00C2EEE8 /* Resources */ = {
			isa = PBXResourcesBuildPhase;
			buildActionMask = 2147483647;
			files = (
				5BEB777D295307AE00C2EEE8 /* LaunchScreen.storyboard in Resources */,
				5BEB777A295307AE00C2EEE8 /* Assets.xcassets in Resources */,
			);
			runOnlyForDeploymentPostprocessing = 0;
		};
/* End PBXResourcesBuildPhase section */

/* Begin PBXSourcesBuildPhase section */
		5BEB7766295307AD00C2EEE8 /* Sources */ = {
			isa = PBXSourcesBuildPhase;
			buildActionMask = 2147483647;
			files = (
				5BEB779029530F4E00C2EEE8 /* NoteViewModel.swift in Sources */,
				5BEB779A2953162E00C2EEE8 /* DataManager.swift in Sources */,
				5BEB7772295307AD00C2EEE8 /* MainController.swift in Sources */,
				5BEB776E295307AD00C2EEE8 /* AppDelegate.swift in Sources */,
				5BEB7770295307AD00C2EEE8 /* SceneDelegate.swift in Sources */,
				5BEB7778295307AD00C2EEE8 /* notes.xcdatamodeld in Sources */,
				5BEB779429530FFD00C2EEE8 /* NotesTableView.swift in Sources */,
				5BEB77962953103300C2EEE8 /* NoteCell.swift in Sources */,
			);
			runOnlyForDeploymentPostprocessing = 0;
		};
/* End PBXSourcesBuildPhase section */

/* Begin PBXVariantGroup section */
		5BEB777B295307AE00C2EEE8 /* LaunchScreen.storyboard */ = {
			isa = PBXVariantGroup;
			children = (
				5BEB777C295307AE00C2EEE8 /* Base */,
			);
			name = LaunchScreen.storyboard;
			sourceTree = "<group>";
		};
/* End PBXVariantGroup section */

/* Begin XCBuildConfiguration section */
		5BEB777F295307AE00C2EEE8 /* Debug */ = {
			isa = XCBuildConfiguration;
			buildSettings = {
				ALWAYS_SEARCH_USER_PATHS = NO;
				CLANG_ANALYZER_NONNULL = YES;
				CLANG_ANALYZER_NUMBER_OBJECT_CONVERSION = YES_AGGRESSIVE;
				CLANG_CXX_LANGUAGE_STANDARD = "gnu++20";
				CLANG_ENABLE_MODULES = YES;
				CLANG_ENABLE_OBJC_ARC = YES;
				CLANG_ENABLE_OBJC_WEAK = YES;
				CLANG_WARN_BLOCK_CAPTURE_AUTORELEASING = YES;
				CLANG_WARN_BOOL_CONVERSION = YES;
				CLANG_WARN_COMMA = YES;
				CLANG_WARN_CONSTANT_CONVERSION = YES;
				CLANG_WARN_DEPRECATED_OBJC_IMPLEMENTATIONS = YES;
				CLANG_WARN_DIRECT_OBJC_ISA_USAGE = YES_ERROR;
				CLANG_WARN_DOCUMENTATION_COMMENTS = YES;
				CLANG_WARN_EMPTY_BODY = YES;
				CLANG_WARN_ENUM_CONVERSION = YES;
				CLANG_WARN_INFINITE_RECURSION = YES;
				CLANG_WARN_INT_CONVERSION = YES;
				CLANG_WARN_NON_LITERAL_NULL_CONVERSION = YES;
				CLANG_WARN_OBJC_IMPLICIT_RETAIN_SELF = YES;
				CLANG_WARN_OBJC_LITERAL_CONVERSION = YES;
				CLANG_WARN_OBJC_ROOT_CLASS = YES_ERROR;
				CLANG_WARN_QUOTED_INCLUDE_IN_FRAMEWORK_HEADER = YES;
				CLANG_WARN_RANGE_LOOP_ANALYSIS = YES;
				CLANG_WARN_STRICT_PROTOTYPES = YES;
				CLANG_WARN_SUSPICIOUS_MOVE = YES;
				CLANG_WARN_UNGUARDED_AVAILABILITY = YES_AGGRESSIVE;
				CLANG_WARN_UNREACHABLE_CODE = YES;
				CLANG_WARN__DUPLICATE_METHOD_MATCH = YES;
				COPY_PHASE_STRIP = NO;
				DEBUG_INFORMATION_FORMAT = dwarf;
				ENABLE_STRICT_OBJC_MSGSEND = YES;
				ENABLE_TESTABILITY = YES;
				GCC_C_LANGUAGE_STANDARD = gnu11;
				GCC_DYNAMIC_NO_PIC = NO;
				GCC_NO_COMMON_BLOCKS = YES;
				GCC_OPTIMIZATION_LEVEL = 0;
				GCC_PREPROCESSOR_DEFINITIONS = (
					"DEBUG=1",
					"$(inherited)",
				);
				GCC_WARN_64_TO_32_BIT_CONVERSION = YES;
				GCC_WARN_ABOUT_RETURN_TYPE = YES_ERROR;
				GCC_WARN_UNDECLARED_SELECTOR = YES;
				GCC_WARN_UNINITIALIZED_AUTOS = YES_AGGRESSIVE;
				GCC_WARN_UNUSED_FUNCTION = YES;
				GCC_WARN_UNUSED_VARIABLE = YES;
				IPHONEOS_DEPLOYMENT_TARGET = 15.0;
				MTL_ENABLE_DEBUG_INFO = INCLUDE_SOURCE;
				MTL_FAST_MATH = YES;
				ONLY_ACTIVE_ARCH = YES;
				SDKROOT = iphoneos;
				SWIFT_ACTIVE_COMPILATION_CONDITIONS = DEBUG;
				SWIFT_OPTIMIZATION_LEVEL = "-Onone";
			};
			name = Debug;
		};
		5BEB7780295307AE00C2EEE8 /* Release */ = {
			isa = XCBuildConfiguration;
			buildSettings = {
				ALWAYS_SEARCH_USER_PATHS = NO;
				CLANG_ANALYZER_NONNULL = YES;
				CLANG_ANALYZER_NUMBER_OBJECT_CONVERSION = YES_AGGRESSIVE;
				CLANG_CXX_LANGUAGE_STANDARD = "gnu++20";
				CLANG_ENABLE_MODULES = YES;
				CLANG_ENABLE_OBJC_ARC = YES;
				CLANG_ENABLE_OBJC_WEAK = YES;
				CLANG_WARN_BLOCK_CAPTURE_AUTORELEASING = YES;
				CLANG_WARN_BOOL_CONVERSION = YES;
				CLANG_WARN_COMMA = YES;
				CLANG_WARN_CONSTANT_CONVERSION = YES;
				CLANG_WARN_DEPRECATED_OBJC_IMPLEMENTATIONS = YES;
				CLANG_WARN_DIRECT_OBJC_ISA_USAGE = YES_ERROR;
				CLANG_WARN_DOCUMENTATION_COMMENTS = YES;
				CLANG_WARN_EMPTY_BODY = YES;
				CLANG_WARN_ENUM_CONVERSION = YES;
				CLANG_WARN_INFINITE_RECURSION = YES;
				CLANG_WARN_INT_CONVERSION = YES;
				CLANG_WARN_NON_LITERAL_NULL_CONVERSION = YES;
				CLANG_WARN_OBJC_IMPLICIT_RETAIN_SELF = YES;
				CLANG_WARN_OBJC_LITERAL_CONVERSION = YES;
				CLANG_WARN_OBJC_ROOT_CLASS = YES_ERROR;
				CLANG_WARN_QUOTED_INCLUDE_IN_FRAMEWORK_HEADER = YES;
				CLANG_WARN_RANGE_LOOP_ANALYSIS = YES;
				CLANG_WARN_STRICT_PROTOTYPES = YES;
				CLANG_WARN_SUSPICIOUS_MOVE = YES;
				CLANG_WARN_UNGUARDED_AVAILABILITY = YES_AGGRESSIVE;
				CLANG_WARN_UNREACHABLE_CODE = YES;
				CLANG_WARN__DUPLICATE_METHOD_MATCH = YES;
				COPY_PHASE_STRIP = NO;
				DEBUG_INFORMATION_FORMAT = "dwarf-with-dsym";
				ENABLE_NS_ASSERTIONS = NO;
				ENABLE_STRICT_OBJC_MSGSEND = YES;
				GCC_C_LANGUAGE_STANDARD = gnu11;
				GCC_NO_COMMON_BLOCKS = YES;
				GCC_WARN_64_TO_32_BIT_CONVERSION = YES;
				GCC_WARN_ABOUT_RETURN_TYPE = YES_ERROR;
				GCC_WARN_UNDECLARED_SELECTOR = YES;
				GCC_WARN_UNINITIALIZED_AUTOS = YES_AGGRESSIVE;
				GCC_WARN_UNUSED_FUNCTION = YES;
				GCC_WARN_UNUSED_VARIABLE = YES;
				IPHONEOS_DEPLOYMENT_TARGET = 15.0;
				MTL_ENABLE_DEBUG_INFO = NO;
				MTL_FAST_MATH = YES;
				SDKROOT = iphoneos;
				SWIFT_COMPILATION_MODE = wholemodule;
				SWIFT_OPTIMIZATION_LEVEL = "-O";
				VALIDATE_PRODUCT = YES;
			};
			name = Release;
		};
		5BEB7782295307AE00C2EEE8 /* Debug */ = {
			isa = XCBuildConfiguration;
			buildSettings = {
				ASSETCATALOG_COMPILER_APPICON_NAME = AppIcon;
				ASSETCATALOG_COMPILER_GLOBAL_ACCENT_COLOR_NAME = AccentColor;
				CODE_SIGN_STYLE = Automatic;
				CURRENT_PROJECT_VERSION = 1;
				DEVELOPMENT_TEAM = 88H5UYEH5N;
				GENERATE_INFOPLIST_FILE = YES;
				INFOPLIST_FILE = "notes/Supporting files/Info.plist";
				INFOPLIST_KEY_UIApplicationSupportsIndirectInputEvents = YES;
				INFOPLIST_KEY_UILaunchStoryboardName = LaunchScreen;
				INFOPLIST_KEY_UISupportedInterfaceOrientations_iPad = "UIInterfaceOrientationPortrait UIInterfaceOrientationPortraitUpsideDown UIInterfaceOrientationLandscapeLeft UIInterfaceOrientationLandscapeRight";
				INFOPLIST_KEY_UISupportedInterfaceOrientations_iPhone = "UIInterfaceOrientationPortrait UIInterfaceOrientationLandscapeLeft UIInterfaceOrientationLandscapeRight";
				LD_RUNPATH_SEARCH_PATHS = (
					"$(inherited)",
					"@executable_path/Frameworks",
				);
				MARKETING_VERSION = 1.0;
				PRODUCT_BUNDLE_IDENTIFIER = c.notes;
				PRODUCT_NAME = "$(TARGET_NAME)";
				SWIFT_EMIT_LOC_STRINGS = YES;
				SWIFT_VERSION = 5.0;
				TARGETED_DEVICE_FAMILY = "1,2";
			};
			name = Debug;
		};
		5BEB7783295307AE00C2EEE8 /* Release */ = {
			isa = XCBuildConfiguration;
			buildSettings = {
				ASSETCATALOG_COMPILER_APPICON_NAME = AppIcon;
				ASSETCATALOG_COMPILER_GLOBAL_ACCENT_COLOR_NAME = AccentColor;
				CODE_SIGN_STYLE = Automatic;
				CURRENT_PROJECT_VERSION = 1;
				DEVELOPMENT_TEAM = 88H5UYEH5N;
				GENERATE_INFOPLIST_FILE = YES;
				INFOPLIST_FILE = "notes/Supporting files/Info.plist";
				INFOPLIST_KEY_UIApplicationSupportsIndirectInputEvents = YES;
				INFOPLIST_KEY_UILaunchStoryboardName = LaunchScreen;
				INFOPLIST_KEY_UISupportedInterfaceOrientations_iPad = "UIInterfaceOrientationPortrait UIInterfaceOrientationPortraitUpsideDown UIInterfaceOrientationLandscapeLeft UIInterfaceOrientationLandscapeRight";
				INFOPLIST_KEY_UISupportedInterfaceOrientations_iPhone = "UIInterfaceOrientationPortrait UIInterfaceOrientationLandscapeLeft UIInterfaceOrientationLandscapeRight";
				LD_RUNPATH_SEARCH_PATHS = (
					"$(inherited)",
					"@executable_path/Frameworks",
				);
				MARKETING_VERSION = 1.0;
				PRODUCT_BUNDLE_IDENTIFIER = c.notes;
				PRODUCT_NAME = "$(TARGET_NAME)";
				SWIFT_EMIT_LOC_STRINGS = YES;
				SWIFT_VERSION = 5.0;
				TARGETED_DEVICE_FAMILY = "1,2";
			};
			name = Release;
		};
/* End XCBuildConfiguration section */

/* Begin XCConfigurationList section */
		5BEB7765295307AC00C2EEE8 /* Build configuration list for PBXProject "notes" */ = {
			isa = XCConfigurationList;
			buildConfigurations = (
				5BEB777F295307AE00C2EEE8 /* Debug */,
				5BEB7780295307AE00C2EEE8 /* Release */,
			);
			defaultConfigurationIsVisible = 0;
			defaultConfigurationName = Release;
		};
		5BEB7781295307AE00C2EEE8 /* Build configuration list for PBXNativeTarget "notes" */ = {
			isa = XCConfigurationList;
			buildConfigurations = (
				5BEB7782295307AE00C2EEE8 /* Debug */,
				5BEB7783295307AE00C2EEE8 /* Release */,
			);
			defaultConfigurationIsVisible = 0;
			defaultConfigurationName = Release;
		};
/* End XCConfigurationList section */

/* Begin XCVersionGroup section */
		5BEB7776295307AD00C2EEE8 /* notes.xcdatamodeld */ = {
			isa = XCVersionGroup;
			children = (
				5BEB7777295307AD00C2EEE8 /* notes.xcdatamodel */,
			);
			currentVersion = 5BEB7777295307AD00C2EEE8 /* notes.xcdatamodel */;
			path = notes.xcdatamodeld;
			sourceTree = "<group>";
			versionGroupType = wrapper.xcdatamodel;
		};
/* End XCVersionGroup section */
	};
	rootObject = 5BEB7762295307AC00C2EEE8 /* Project object */;
}
